
Microsoft Visual Studio Solution File, Format Version 12.00
# Visual Studio Version 17
VisualStudioVersion = 17.0.31903.59
MinimumVisualStudioVersion = 10.0.40219.1
Project("{FAE04EC0-301F-11D3-BF4B-00C04F79EFBC}") = "PaymentGateway", "PaymentGateway\PaymentGateway.csproj", "{A9C5EAC9-EE61-41EB-9188-A907141E198E}"
EndProject
Project("{2150E333-8FDC-42A3-9474-1A3956D46DE8}") = "Solution Items", "Solution Items", "{8EC462FD-D22E-90A8-E5CE-7E832BA40C5D}"
	ProjectSection(SolutionItems) = preProject
		.gitignore = .gitignore
		docker-compose.yml = docker-compose.yml
		nginx.conf = nginx.conf
		README.md = README.md
	EndProjectSection
EndProject
Project("{FAE04EC0-301F-11D3-BF4B-00C04F79EFBC}") = "PaymentGateway.Test", "PaymentGateway.Test\PaymentGateway.Test.csproj", "{AC8A8BF3-AE1B-4BA3-9022-A0282E6DD7A1}"
EndProject
Global
	GlobalSection(SolutionConfigurationPlatforms) = preSolution
		Debug|Any CPU = Debug|Any CPU
		Debug|x64 = Debug|x64
		Debug|x86 = Debug|x86
		Release|Any CPU = Release|Any CPU
		Release|x64 = Release|x64
		Release|x86 = Release|x86
	EndGlobalSection
	GlobalSection(ProjectConfigurationPlatforms) = postSolution
		{A9C5EAC9-EE61-41EB-9188-A907141E198E}.Debug|Any CPU.ActiveCfg = Debug|Any CPU
		{A9C5EAC9-EE61-41EB-9188-A907141E198E}.Debug|Any CPU.Build.0 = Debug|Any CPU
		{A9C5EAC9-EE61-41EB-9188-A907141E198E}.Debug|x64.ActiveCfg = Debug|Any CPU
		{A9C5EAC9-EE61-41EB-9188-A907141E198E}.Debug|x64.Build.0 = Debug|Any CPU
		{A9C5EAC9-EE61-41EB-9188-A907141E198E}.Debug|x86.ActiveCfg = Debug|Any CPU
		{A9C5EAC9-EE61-41EB-9188-A907141E198E}.Debug|x86.Build.0 = Debug|Any CPU
		{A9C5EAC9-EE61-41EB-9188-A907141E198E}.Release|Any CPU.ActiveCfg = Release|Any CPU
		{A9C5EAC9-EE61-41EB-9188-A907141E198E}.Release|Any CPU.Build.0 = Release|Any CPU
		{A9C5EAC9-EE61-41EB-9188-A907141E198E}.Release|x64.ActiveCfg = Release|Any CPU
		{A9C5EAC9-EE61-41EB-9188-A907141E198E}.Release|x64.Build.0 = Release|Any CPU
		{A9C5EAC9-EE61-41EB-9188-A907141E198E}.Release|x86.ActiveCfg = Release|Any CPU
		{A9C5EAC9-EE61-41EB-9188-A907141E198E}.Release|x86.Build.0 = Release|Any CPU
		{AC8A8BF3-AE1B-4BA3-9022-A0282E6DD7A1}.Debug|Any CPU.ActiveCfg = Debug|Any CPU
		{AC8A8BF3-AE1B-4BA3-9022-A0282E6DD7A1}.Debug|Any CPU.Build.0 = Debug|Any CPU
		{AC8A8BF3-AE1B-4BA3-9022-A0282E6DD7A1}.Debug|x64.ActiveCfg = Debug|Any CPU
		{AC8A8BF3-AE1B-4BA3-9022-A0282E6DD7A1}.Debug|x64.Build.0 = Debug|Any CPU
		{AC8A8BF3-AE1B-4BA3-9022-A0282E6DD7A1}.Debug|x86.ActiveCfg = Debug|Any CPU
		{AC8A8BF3-AE1B-4BA3-9022-A0282E6DD7A1}.Debug|x86.Build.0 = Debug|Any CPU
		{AC8A8BF3-AE1B-4BA3-9022-A0282E6DD7A1}.Release|Any CPU.ActiveCfg = Release|Any CPU
		{AC8A8BF3-AE1B-4BA3-9022-A0282E6DD7A1}.Release|Any CPU.Build.0 = Release|Any CPU
		{AC8A8BF3-AE1B-4BA3-9022-A0282E6DD7A1}.Release|x64.ActiveCfg = Release|Any CPU
		{AC8A8BF3-AE1B-4BA3-9022-A0282E6DD7A1}.Release|x64.Build.0 = Release|Any CPU
		{AC8A8BF3-AE1B-4BA3-9022-A0282E6DD7A1}.Release|x86.ActiveCfg = Release|Any CPU
		{AC8A8BF3-AE1B-4BA3-9022-A0282E6DD7A1}.Release|x86.Build.0 = Release|Any CPU
	EndGlobalSection
	GlobalSection(SolutionProperties) = preSolution
		HideSolutionNode = FALSE
	EndGlobalSection
	GlobalSection(ExtensibilityGlobals) = postSolution
		SolutionGuid = {45A466CA-5B70-493B-B920-7C931E4F4B0D}
	EndGlobalSection
EndGlobal
